<?xml version="1.0" encoding="utf-8"?>
<Project ToolsVersion="4.0" xmlns="http://schemas.microsoft.com/developer/msbuild/2003">
  <ItemGroup>
    <Filter Include="Resource Files">
      <UniqueIdentifier>{67DA6AB6-F800-4c08-8B7A-83BB121AAD01}</UniqueIdentifier>
      <Extensions>rc;ico;cur;bmp;dlg;rc2;rct;bin;rgs;gif;jpg;jpeg;jpe;resx;tiff;tif;png;wav;mfcribbon-ms</Extensions>
    </Filter>
    <Filter Include="src">
      <UniqueIdentifier>{daecf0d2-6e9a-4e25-a7f8-852483b3f10d}</UniqueIdentifier>
    </Filter>
    <Filter Include="include">
      <UniqueIdentifier>{efbec6fd-58e4-449c-808d-9fe5131d9b34}</UniqueIdentifier>
    </Filter>
    <Filter Include="include\core">
      <UniqueIdentifier>{ec7ad5c0-69ba-4861-82f8-13a84271bccc}</UniqueIdentifier>
    </Filter>
    <Filter Include="src\core">
      <UniqueIdentifier>{6bfbbd1d-2136-4678-886d-4baa4ff7003e}</UniqueIdentifier>
    </Filter>
  </ItemGroup>
  <ItemGroup>
    <ClCompile Include="src\MadMan.cpp">
      <Filter>src</Filter>
    </ClCompile>
    <ClCompile Include="src\core\MMThreadInfo.cpp">
      <Filter>src\core</Filter>
    </ClCompile>
  </ItemGroup>
  <ItemGroup>
    <ClInclude Include="include\core\MMSingleton.h">
      <Filter>include\core</Filter>
    </ClInclude>
    <ClInclude Include="include\core\MMThreadInfo.h">
      <Filter>include\core</Filter>
    </ClInclude>
  </ItemGroup>
</Project>